
Microsoft Visual Studio Solution File, Format Version 12.00
# Visual Studio Version 17
VisualStudioVersion = 17.3.32922.545
MinimumVisualStudioVersion = 10.0.40219.1
Project("{8BC9CEB8-8B4A-11D0-8D11-00A0C91BC942}") = "MathGameProject2BetterSolution", "MathGameProject2BetterSolution\MathGameProject2BetterSolution.vcxproj", "{99D8DB20-4B06-45A2-AF45-E92156C1607F}"
EndProject
Global
	GlobalSection(SolutionConfigurationPlatforms) = preSolution
		Debug|x64 = Debug|x64
		Debug|x86 = Debug|x86
		Release|x64 = Release|x64
		Release|x86 = Release|x86
	EndGlobalSection
	GlobalSection(ProjectConfigurationPlatforms) = postSolution
		{99D8DB20-4B06-45A2-AF45-E92156C1607F}.Debug|x64.ActiveCfg = Debug|x64
		{99D8DB20-4B06-45A2-AF45-E92156C1607F}.Debug|x64.Build.0 = Debug|x64
		{99D8DB20-4B06-45A2-AF45-E92156C1607F}.Debug|x86.ActiveCfg = Debug|Win32
		{99D8DB20-4B06-45A2-AF45-E92156C1607F}.Debug|x86.Build.0 = Debug|Win32
		{99D8DB20-4B06-45A2-AF45-E92156C1607F}.Release|x64.ActiveCfg = Release|x64
		{99D8DB20-4B06-45A2-AF45-E92156C1607F}.Release|x64.Build.0 = Release|x64
		{99D8DB20-4B06-45A2-AF45-E92156C1607F}.Release|x86.ActiveCfg = Release|Win32
		{99D8DB20-4B06-45A2-AF45-E92156C1607F}.Release|x86.Build.0 = Release|Win32
	EndGlobalSection
	GlobalSection(SolutionProperties) = preSolution
		HideSolutionNode = FALSE
	EndGlobalSection
	GlobalSection(ExtensibilityGlobals) = postSolution
		SolutionGuid = {18E5E602-9D85-402A-A883-1C725E42D727}
	EndGlobalSection
EndGlobal
